
Microsoft Visual Studio Solution File, Format Version 12.00
# Visual Studio Version 17
VisualStudioVersion = 17.3.32929.385
MinimumVisualStudioVersion = 10.0.40219.1
Project("{2150E333-8FDC-42A3-9474-1A3956D46DE8}") = "Services", "Services", "{8660F541-892B-4B15-B7E5-2359D8107FD3}"
EndProject
Project("{2150E333-8FDC-42A3-9474-1A3956D46DE8}") = "Catalog", "Catalog", "{E7BD66C9-CC1C-4B4F-AEF5-5074AD62B5C7}"
EndProject
Project("{9A19103F-16F7-4668-BE54-9A1E7A4F7556}") = "FreeCourse.Services.Catalog", "Services\Catalog\FreeCourse.Services.Catalog\FreeCourse.Services.Catalog.csproj", "{5040932A-2C71-45F7-BAB2-FB55F55F7C45}"
EndProject
Project("{2150E333-8FDC-42A3-9474-1A3956D46DE8}") = "Solution Items", "Solution Items", "{74AF5FC7-6A01-4A12-9657-E89ADC09E0FA}"
	ProjectSection(SolutionItems) = preProject
		Ports.txt = Ports.txt
	EndProjectSection
EndProject
Project("{2150E333-8FDC-42A3-9474-1A3956D46DE8}") = "Shared", "Shared", "{1917B553-13A4-4FAF-9B98-33FF12B9809D}"
EndProject
Project("{9A19103F-16F7-4668-BE54-9A1E7A4F7556}") = "FreeCourse.Shared", "Shared\FreeCourse.Shared\FreeCourse.Shared.csproj", "{F9D837C3-A49D-449B-A358-DD1B08579DC4}"
EndProject
Project("{2150E333-8FDC-42A3-9474-1A3956D46DE8}") = "IdentityServer", "IdentityServer", "{6F003EBB-CD1C-45D8-A544-1C0434F85B9E}"
EndProject
Project("{9A19103F-16F7-4668-BE54-9A1E7A4F7556}") = "FreeCourse.IdentityServer", "IdentityServer\FreeCourse.IdentityServer\FreeCourse.IdentityServer.csproj", "{22531193-46EB-4E2C-9082-E4EE99C6F968}"
EndProject
Global
	GlobalSection(SolutionConfigurationPlatforms) = preSolution
		Debug|Any CPU = Debug|Any CPU
		Release|Any CPU = Release|Any CPU
	EndGlobalSection
	GlobalSection(ProjectConfigurationPlatforms) = postSolution
		{5040932A-2C71-45F7-BAB2-FB55F55F7C45}.Debug|Any CPU.ActiveCfg = Debug|Any CPU
		{5040932A-2C71-45F7-BAB2-FB55F55F7C45}.Debug|Any CPU.Build.0 = Debug|Any CPU
		{5040932A-2C71-45F7-BAB2-FB55F55F7C45}.Release|Any CPU.ActiveCfg = Release|Any CPU
		{5040932A-2C71-45F7-BAB2-FB55F55F7C45}.Release|Any CPU.Build.0 = Release|Any CPU
		{F9D837C3-A49D-449B-A358-DD1B08579DC4}.Debug|Any CPU.ActiveCfg = Debug|Any CPU
		{F9D837C3-A49D-449B-A358-DD1B08579DC4}.Debug|Any CPU.Build.0 = Debug|Any CPU
		{F9D837C3-A49D-449B-A358-DD1B08579DC4}.Release|Any CPU.ActiveCfg = Release|Any CPU
		{F9D837C3-A49D-449B-A358-DD1B08579DC4}.Release|Any CPU.Build.0 = Release|Any CPU
		{22531193-46EB-4E2C-9082-E4EE99C6F968}.Debug|Any CPU.ActiveCfg = Debug|Any CPU
		{22531193-46EB-4E2C-9082-E4EE99C6F968}.Debug|Any CPU.Build.0 = Debug|Any CPU
		{22531193-46EB-4E2C-9082-E4EE99C6F968}.Release|Any CPU.ActiveCfg = Release|Any CPU
		{22531193-46EB-4E2C-9082-E4EE99C6F968}.Release|Any CPU.Build.0 = Release|Any CPU
	EndGlobalSection
	GlobalSection(SolutionProperties) = preSolution
		HideSolutionNode = FALSE
	EndGlobalSection
	GlobalSection(NestedProjects) = preSolution
		{E7BD66C9-CC1C-4B4F-AEF5-5074AD62B5C7} = {8660F541-892B-4B15-B7E5-2359D8107FD3}
		{5040932A-2C71-45F7-BAB2-FB55F55F7C45} = {E7BD66C9-CC1C-4B4F-AEF5-5074AD62B5C7}
		{F9D837C3-A49D-449B-A358-DD1B08579DC4} = {1917B553-13A4-4FAF-9B98-33FF12B9809D}
		{22531193-46EB-4E2C-9082-E4EE99C6F968} = {6F003EBB-CD1C-45D8-A544-1C0434F85B9E}
	EndGlobalSection
	GlobalSection(ExtensibilityGlobals) = postSolution
		SolutionGuid = {2547BAFB-0821-4016-8D25-C7D91E53F29C}
	EndGlobalSection
EndGlobal
